// !$*UTF8*$!
{
	archiveVersion = 1;
	classes = {
	};
	objectVersion = 46;
	objects = {

/* Begin PBXBuildFile section */
		4C3CA9F31BFD183800B7CB43 /* YutorialTableCell.swift in Sources */ = {isa = PBXBuildFile; fileRef = 4C3CA9F21BFD183800B7CB43 /* YutorialTableCell.swift */; };
		4C3CA9F51BFD1DC600B7CB43 /* YutorialDetailViewController.swift in Sources */ = {isa = PBXBuildFile; fileRef = 4C3CA9F41BFD1DC600B7CB43 /* YutorialDetailViewController.swift */; };
		4C3CA9F71BFD3AE800B7CB43 /* YutorialListTableViewController.swift in Sources */ = {isa = PBXBuildFile; fileRef = 4C3CA9F61BFD3AE800B7CB43 /* YutorialListTableViewController.swift */; };
		4C5456681BF523E500761C83 /* AppDelegate.swift in Sources */ = {isa = PBXBuildFile; fileRef = 4C5456671BF523E500761C83 /* AppDelegate.swift */; };
		4C54566A1BF523E500761C83 /* ViewController.swift in Sources */ = {isa = PBXBuildFile; fileRef = 4C5456691BF523E500761C83 /* ViewController.swift */; };
		4C54566D1BF523E500761C83 /* Main.storyboard in Resources */ = {isa = PBXBuildFile; fileRef = 4C54566B1BF523E500761C83 /* Main.storyboard */; };
		4C54566F1BF523E500761C83 /* Images.xcassets in Resources */ = {isa = PBXBuildFile; fileRef = 4C54566E1BF523E500761C83 /* Images.xcassets */; };
		4C5456721BF523E500761C83 /* LaunchScreen.xib in Resources */ = {isa = PBXBuildFile; fileRef = 4C5456701BF523E500761C83 /* LaunchScreen.xib */; };
		4C54567E1BF523E500761C83 /* YutorialTests.swift in Sources */ = {isa = PBXBuildFile; fileRef = 4C54567D1BF523E500761C83 /* YutorialTests.swift */; };
/* End PBXBuildFile section */

/* Begin PBXContainerItemProxy section */
		4C5456781BF523E500761C83 /* PBXContainerItemProxy */ = {
			isa = PBXContainerItemProxy;
			containerPortal = 4C54565A1BF523E400761C83 /* Project object */;
			proxyType = 1;
			remoteGlobalIDString = 4C5456611BF523E400761C83;
			remoteInfo = Yutorial;
		};
/* End PBXContainerItemProxy section */

/* Begin PBXFileReference section */
		4C3CA9F21BFD183800B7CB43 /* YutorialTableCell.swift */ = {isa = PBXFileReference; fileEncoding = 4; lastKnownFileType = sourcecode.swift; path = YutorialTableCell.swift; sourceTree = "<group>"; };
		4C3CA9F41BFD1DC600B7CB43 /* YutorialDetailViewController.swift */ = {isa = PBXFileReference; fileEncoding = 4; lastKnownFileType = sourcecode.swift; path = YutorialDetailViewController.swift; sourceTree = "<group>"; };
		4C3CA9F61BFD3AE800B7CB43 /* YutorialListTableViewController.swift */ = {isa = PBXFileReference; fileEncoding = 4; lastKnownFileType = sourcecode.swift; path = YutorialListTableViewController.swift; sourceTree = "<group>"; };
		4C5456621BF523E400761C83 /* Yutorial.app */ = {isa = PBXFileReference; explicitFileType = wrapper.application; includeInIndex = 0; path = Yutorial.app; sourceTree = BUILT_PRODUCTS_DIR; };
		4C5456661BF523E500761C83 /* Info.plist */ = {isa = PBXFileReference; lastKnownFileType = text.plist.xml; path = Info.plist; sourceTree = "<group>"; };
		4C5456671BF523E500761C83 /* AppDelegate.swift */ = {isa = PBXFileReference; lastKnownFileType = sourcecode.swift; path = AppDelegate.swift; sourceTree = "<group>"; };
		4C5456691BF523E500761C83 /* ViewController.swift */ = {isa = PBXFileReference; lastKnownFileType = sourcecode.swift; path = ViewController.swift; sourceTree = "<group>"; };
		4C54566C1BF523E500761C83 /* Base */ = {isa = PBXFileReference; lastKnownFileType = file.storyboard; name = Base; path = Base.lproj/Main.storyboard; sourceTree = "<group>"; };
		4C54566E1BF523E500761C83 /* Images.xcassets */ = {isa = PBXFileReference; lastKnownFileType = folder.assetcatalog; path = Images.xcassets; sourceTree = "<group>"; };
		4C5456711BF523E500761C83 /* Base */ = {isa = PBXFileReference; lastKnownFileType = file.xib; name = Base; path = Base.lproj/LaunchScreen.xib; sourceTree = "<group>"; };
		4C5456771BF523E500761C83 /* YutorialTests.xctest */ = {isa = PBXFileReference; explicitFileType = wrapper.cfbundle; includeInIndex = 0; path = YutorialTests.xctest; sourceTree = BUILT_PRODUCTS_DIR; };
		4C54567C1BF523E500761C83 /* Info.plist */ = {isa = PBXFileReference; lastKnownFileType = text.plist.xml; path = Info.plist; sourceTree = "<group>"; };
		4C54567D1BF523E500761C83 /* YutorialTests.swift */ = {isa = PBXFileReference; lastKnownFileType = sourcecode.swift; path = YutorialTests.swift; sourceTree = "<group>"; };
/* End PBXFileReference section */

/* Begin PBXFrameworksBuildPhase section */
		4C54565F1BF523E400761C83 /* Frameworks */ = {
			isa = PBXFrameworksBuildPhase;
			buildActionMask = 2147483647;
			files = (
			);
			runOnlyForDeploymentPostprocessing = 0;
		};
		4C5456741BF523E500761C83 /* Frameworks */ = {
			isa = PBXFrameworksBuildPhase;
			buildActionMask = 2147483647;
			files = (
			);
			runOnlyForDeploymentPostprocessing = 0;
		};
/* End PBXFrameworksBuildPhase section */

/* Begin PBXGroup section */
		4C5456591BF523E400761C83 = {
			isa = PBXGroup;
			children = (
				4C5456641BF523E400761C83 /* Yutorial */,
				4C54567A1BF523E500761C83 /* YutorialTests */,
				4C5456631BF523E400761C83 /* Products */,
			);
			sourceTree = "<group>";
		};
		4C5456631BF523E400761C83 /* Products */ = {
			isa = PBXGroup;
			children = (
				4C5456621BF523E400761C83 /* Yutorial.app */,
				4C5456771BF523E500761C83 /* YutorialTests.xctest */,
			);
			name = Products;
			sourceTree = "<group>";
		};
		4C5456641BF523E400761C83 /* Yutorial */ = {
			isa = PBXGroup;
			children = (
				4C5456671BF523E500761C83 /* AppDelegate.swift */,
				4C5456691BF523E500761C83 /* ViewController.swift */,
				4C54566B1BF523E500761C83 /* Main.storyboard */,
				4C3CA9F61BFD3AE800B7CB43 /* YutorialListTableViewController.swift */,
				4C3CA9F41BFD1DC600B7CB43 /* YutorialDetailViewController.swift */,
				4C3CA9F21BFD183800B7CB43 /* YutorialTableCell.swift */,
				4C54566E1BF523E500761C83 /* Images.xcassets */,
				4C5456701BF523E500761C83 /* LaunchScreen.xib */,
				4C5456651BF523E400761C83 /* Supporting Files */,
			);
			path = Yutorial;
			sourceTree = "<group>";
		};
		4C5456651BF523E400761C83 /* Supporting Files */ = {
			isa = PBXGroup;
			children = (
				4C5456661BF523E500761C83 /* Info.plist */,
			);
			name = "Supporting Files";
			sourceTree = "<group>";
		};
		4C54567A1BF523E500761C83 /* YutorialTests */ = {
			isa = PBXGroup;
			children = (
				4C54567D1BF523E500761C83 /* YutorialTests.swift */,
				4C54567B1BF523E500761C83 /* Supporting Files */,
			);
			path = YutorialTests;
			sourceTree = "<group>";
		};
		4C54567B1BF523E500761C83 /* Supporting Files */ = {
			isa = PBXGroup;
			children = (
				4C54567C1BF523E500761C83 /* Info.plist */,
			);
			name = "Supporting Files";
			sourceTree = "<group>";
		};
/* End PBXGroup section */

/* Begin PBXNativeTarget section */
		4C5456611BF523E400761C83 /* Yutorial */ = {
			isa = PBXNativeTarget;
			buildConfigurationList = 4C5456811BF523E500761C83 /* Build configuration list for PBXNativeTarget "Yutorial" */;
			buildPhases = (
				4C54565E1BF523E400761C83 /* Sources */,
				4C54565F1BF523E400761C83 /* Frameworks */,
				4C5456601BF523E400761C83 /* Resources */,
			);
			buildRules = (
			);
			dependencies = (
			);
			name = Yutorial;
			productName = Yutorial;
			productReference = 4C5456621BF523E400761C83 /* Yutorial.app */;
			productType = "com.apple.product-type.application";
		};
		4C5456761BF523E500761C83 /* YutorialTests */ = {
			isa = PBXNativeTarget;
			buildConfigurationList = 4C5456841BF523E500761C83 /* Build configuration list for PBXNativeTarget "YutorialTests" */;
			buildPhases = (
				4C5456731BF523E500761C83 /* Sources */,
				4C5456741BF523E500761C83 /* Frameworks */,
				4C5456751BF523E500761C83 /* Resources */,
			);
			buildRules = (
			);
			dependencies = (
				4C5456791BF523E500761C83 /* PBXTargetDependency */,
			);
			name = YutorialTests;
			productName = YutorialTests;
			productReference = 4C5456771BF523E500761C83 /* YutorialTests.xctest */;
			productType = "com.apple.product-type.bundle.unit-test";
		};
/* End PBXNativeTarget section */

/* Begin PBXProject section */
		4C54565A1BF523E400761C83 /* Project object */ = {
			isa = PBXProject;
			attributes = {
				LastUpgradeCheck = 0640;
				ORGANIZATIONNAME = "Nathan Addison";
				TargetAttributes = {
					4C5456611BF523E400761C83 = {
						CreatedOnToolsVersion = 6.4;
					};
					4C5456761BF523E500761C83 = {
						CreatedOnToolsVersion = 6.4;
						TestTargetID = 4C5456611BF523E400761C83;
					};
				};
			};
			buildConfigurationList = 4C54565D1BF523E400761C83 /* Build configuration list for PBXProject "Yutorial" */;
			compatibilityVersion = "Xcode 3.2";
			developmentRegion = English;
			hasScannedForEncodings = 0;
			knownRegions = (
				en,
				Base,
			);
			mainGroup = 4C5456591BF523E400761C83;
			productRefGroup = 4C5456631BF523E400761C83 /* Products */;
			projectDirPath = "";
			projectRoot = "";
			targets = (
				4C5456611BF523E400761C83 /* Yutorial */,
				4C5456761BF523E500761C83 /* YutorialTests */,
			);
		};
/* End PBXProject section */

/* Begin PBXResourcesBuildPhase section */
		4C5456601BF523E400761C83 /* Resources */ = {
			isa = PBXResourcesBuildPhase;
			buildActionMask = 2147483647;
			files = (
				4C54566D1BF523E500761C83 /* Main.storyboard in Resources */,
				4C5456721BF523E500761C83 /* LaunchScreen.xib in Resources */,
				4C54566F1BF523E500761C83 /* Images.xcassets in Resources */,
			);
			runOnlyForDeploymentPostprocessing = 0;
		};
		4C5456751BF523E500761C83 /* Resources */ = {
			isa = PBXResourcesBuildPhase;
			buildActionMask = 2147483647;
			files = (
			);
			runOnlyForDeploymentPostprocessing = 0;
		};
/* End PBXResourcesBuildPhase section */

/* Begin PBXSourcesBuildPhase section */
		4C54565E1BF523E400761C83 /* Sources */ = {
			isa = PBXSourcesBuildPhase;
			buildActionMask = 2147483647;
			files = (
				4C3CA9F51BFD1DC600B7CB43 /* YutorialDetailViewController.swift in Sources */,
				4C3CA9F31BFD183800B7CB43 /* YutorialTableCell.swift in Sources */,
				4C54566A1BF523E500761C83 /* ViewController.swift in Sources */,
				4C5456681BF523E500761C83 /* AppDelegate.swift in Sources */,
				4C3CA9F71BFD3AE800B7CB43 /* YutorialListTableViewController.swift in Sources */,
			);
			runOnlyForDeploymentPostprocessing = 0;
		};
		4C5456731BF523E500761C83 /* Sources */ = {
			isa = PBXSourcesBuildPhase;
			buildActionMask = 2147483647;
			files = (
				4C54567E1BF523E500761C83 /* YutorialTests.swift in Sources */,
			);
			runOnlyForDeploymentPostprocessing = 0;
		};
/* End PBXSourcesBuildPhase section */

/* Begin PBXTargetDependency section */
		4C5456791BF523E500761C83 /* PBXTargetDependency */ = {
			isa = PBXTargetDependency;
			target = 4C5456611BF523E400761C83 /* Yutorial */;
			targetProxy = 4C5456781BF523E500761C83 /* PBXContainerItemProxy */;
		};
/* End PBXTargetDependency section */

/* Begin PBXVariantGroup section */
		4C54566B1BF523E500761C83 /* Main.storyboard */ = {
			isa = PBXVariantGroup;
			children = (
				4C54566C1BF523E500761C83 /* Base */,
			);
			name = Main.storyboard;
			sourceTree = "<group>";
		};
		4C5456701BF523E500761C83 /* LaunchScreen.xib */ = {
			isa = PBXVariantGroup;
			children = (
				4C5456711BF523E500761C83 /* Base */,
			);
			name = LaunchScreen.xib;
			sourceTree = "<group>";
		};
/* End PBXVariantGroup section */

/* Begin XCBuildConfiguration section */
		4C54567F1BF523E500761C83 /* Debug */ = {
			isa = XCBuildConfiguration;
			buildSettings = {
				ALWAYS_SEARCH_USER_PATHS = NO;
				CLANG_CXX_LANGUAGE_STANDARD = "gnu++0x";
				CLANG_CXX_LIBRARY = "libc++";
				CLANG_ENABLE_MODULES = YES;
				CLANG_ENABLE_OBJC_ARC = YES;
				CLANG_WARN_BOOL_CONVERSION = YES;
				CLANG_WARN_CONSTANT_CONVERSION = YES;
				CLANG_WARN_DIRECT_OBJC_ISA_USAGE = YES_ERROR;
				CLANG_WARN_EMPTY_BODY = YES;
				CLANG_WARN_ENUM_CONVERSION = YES;
				CLANG_WARN_INT_CONVERSION = YES;
				CLANG_WARN_OBJC_ROOT_CLASS = YES_ERROR;
				CLANG_WARN_UNREACHABLE_CODE = YES;
				CLANG_WARN__DUPLICATE_METHOD_MATCH = YES;
				"CODE_SIGN_IDENTITY[sdk=iphoneos*]" = "iPhone Developer";
				COPY_PHASE_STRIP = NO;
				DEBUG_INFORMATION_FORMAT = "dwarf-with-dsym";
				ENABLE_STRICT_OBJC_MSGSEND = YES;
				GCC_C_LANGUAGE_STANDARD = gnu99;
				GCC_DYNAMIC_NO_PIC = NO;
				GCC_NO_COMMON_BLOCKS = YES;
				GCC_OPTIMIZATION_LEVEL = 0;
				GCC_PREPROCESSOR_DEFINITIONS = (
					"DEBUG=1",
					"$(inherited)",
				);
				GCC_SYMBOLS_PRIVATE_EXTERN = NO;
				GCC_WARN_64_TO_32_BIT_CONVERSION = YES;
				GCC_WARN_ABOUT_RETURN_TYPE = YES_ERROR;
				GCC_WARN_UNDECLARED_SELECTOR = YES;
				GCC_WARN_UNINITIALIZED_AUTOS = YES_AGGRESSIVE;
				GCC_WARN_UNUSED_FUNCTION = YES;
				GCC_WARN_UNUSED_VARIABLE = YES;
				IPHONEOS_DEPLOYMENT_TARGET = 8.4;
				MTL_ENABLE_DEBUG_INFO = YES;
				ONLY_ACTIVE_ARCH = YES;
				SDKROOT = iphoneos;
				SWIFT_OPTIMIZATION_LEVEL = "-Onone";
			};
			name = Debug;
		};
		4C5456801BF523E500761C83 /* Release */ = {
			isa = XCBuildConfiguration;
			buildSettings = {
				ALWAYS_SEARCH_USER_PATHS = NO;
				CLANG_CXX_LANGUAGE_STANDARD = "gnu++0x";
				CLANG_CXX_LIBRARY = "libc++";
				CLANG_ENABLE_MODULES = YES;
				CLANG_ENABLE_OBJC_ARC = YES;
				CLANG_WARN_BOOL_CONVERSION = YES;
				CLANG_WARN_CONSTANT_CONVERSION = YES;
				CLANG_WARN_DIRECT_OBJC_ISA_USAGE = YES_ERROR;
				CLANG_WARN_EMPTY_BODY = YES;
				CLANG_WARN_ENUM_CONVERSION = YES;
				CLANG_WARN_INT_CONVERSION = YES;
				CLANG_WARN_OBJC_ROOT_CLASS = YES_ERROR;
				CLANG_WARN_UNREACHABLE_CODE = YES;
				CLANG_WARN__DUPLICATE_METHOD_MATCH = YES;
				"CODE_SIGN_IDENTITY[sdk=iphoneos*]" = "iPhone Developer";
				COPY_PHASE_STRIP = NO;
				DEBUG_INFORMATION_FORMAT = "dwarf-with-dsym";
				ENABLE_NS_ASSERTIONS = NO;
				ENABLE_STRICT_OBJC_MSGSEND = YES;
				GCC_C_LANGUAGE_STANDARD = gnu99;
				GCC_NO_COMMON_BLOCKS = YES;
				GCC_WARN_64_TO_32_BIT_CONVERSION = YES;
				GCC_WARN_ABOUT_RETURN_TYPE = YES_ERROR;
				GCC_WARN_UNDECLARED_SELECTOR = YES;
				GCC_WARN_UNINITIALIZED_AUTOS = YES_AGGRESSIVE;
				GCC_WARN_UNUSED_FUNCTION = YES;
				GCC_WARN_UNUSED_VARIABLE = YES;
				IPHONEOS_DEPLOYMENT_TARGET = 8.4;
				MTL_ENABLE_DEBUG_INFO = NO;
				SDKROOT = iphoneos;
				VALIDATE_PRODUCT = YES;
			};
			name = Release;
		};
		4C5456821BF523E500761C83 /* Debug */ = {
			isa = XCBuildConfiguration;
			buildSettings = {
				ASSETCATALOG_COMPILER_APPICON_NAME = AppIcon;
				INFOPLIST_FILE = Yutorial/Info.plist;
				LD_RUNPATH_SEARCH_PATHS = "$(inherited) @executable_path/Frameworks";
				PRODUCT_NAME = "$(TARGET_NAME)";
			};
			name = Debug;
		};
		4C5456831BF523E500761C83 /* Release */ = {
			isa = XCBuildConfiguration;
			buildSettings = {
				ASSETCATALOG_COMPILER_APPICON_NAME = AppIcon;
				INFOPLIST_FILE = Yutorial/Info.plist;
				LD_RUNPATH_SEARCH_PATHS = "$(inherited) @executable_path/Frameworks";
				PRODUCT_NAME = "$(TARGET_NAME)";
			};
			name = Release;
		};
		4C5456851BF523E500761C83 /* Debug */ = {
			isa = XCBuildConfiguration;
			buildSettings = {
				BUNDLE_LOADER = "$(TEST_HOST)";
				FRAMEWORK_SEARCH_PATHS = (
					"$(SDKROOT)/Developer/Library/Frameworks",
					"$(inherited)",
				);
				GCC_PREPROCESSOR_DEFINITIONS = (
					"DEBUG=1",
					"$(inherited)",
				);
				INFOPLIST_FILE = YutorialTests/Info.plist;
				LD_RUNPATH_SEARCH_PATHS = "$(inherited) @executable_path/Frameworks @loader_path/Frameworks";
				PRODUCT_NAME = "$(TARGET_NAME)";
				TEST_HOST = "$(BUILT_PRODUCTS_DIR)/Yutorial.app/Yutorial";
			};
			name = Debug;
		};
		4C5456861BF523E500761C83 /* Release */ = {
			isa = XCBuildConfiguration;
			buildSettings = {
				BUNDLE_LOADER = "$(TEST_HOST)";
				FRAMEWORK_SEARCH_PATHS = (
					"$(SDKROOT)/Developer/Library/Frameworks",
					"$(inherited)",
				);
				INFOPLIST_FILE = YutorialTests/Info.plist;
				LD_RUNPATH_SEARCH_PATHS = "$(inherited) @executable_path/Frameworks @loader_path/Frameworks";
				PRODUCT_NAME = "$(TARGET_NAME)";
				TEST_HOST = "$(BUILT_PRODUCTS_DIR)/Yutorial.app/Yutorial";
			};
			name = Release;
		};
/* End XCBuildConfiguration section */

/* Begin XCConfigurationList section */
		4C54565D1BF523E400761C83 /* Build configuration list for PBXProject "Yutorial" */ = {
			isa = XCConfigurationList;
			buildConfigurations = (
				4C54567F1BF523E500761C83 /* Debug */,
				4C5456801BF523E500761C83 /* Release */,
			);
			defaultConfigurationIsVisible = 0;
			defaultConfigurationName = Release;
		};
		4C5456811BF523E500761C83 /* Build configuration list for PBXNativeTarget "Yutorial" */ = {
			isa = XCConfigurationList;
			buildConfigurations = (
				4C5456821BF523E500761C83 /* Debug */,
				4C5456831BF523E500761C83 /* Release */,
			);
			defaultConfigurationIsVisible = 0;
			defaultConfigurationName = Release;
		};
		4C5456841BF523E500761C83 /* Build configuration list for PBXNativeTarget "YutorialTests" */ = {
			isa = XCConfigurationList;
			buildConfigurations = (
				4C5456851BF523E500761C83 /* Debug */,
				4C5456861BF523E500761C83 /* Release */,
			);
			defaultConfigurationIsVisible = 0;
			defaultConfigurationName = Release;
		};
/* End XCConfigurationList section */
	};
	rootObject = 4C54565A1BF523E400761C83 /* Project object */;
}
